{
    "_readme": [
        "This file locks the dependencies of your project to a known state",
        "Read more about it at https://getcomposer.org/doc/01-basic-usage.md#installing-dependencies",
        "This file is @generated automatically"
    ],
    "content-hash": "6e050f5a9ae8d6aa875ae33d7911cf41",
    "packages": [
        {
            "name": "codeigniter/framework",
            "version": "3.1.13",
            "source": {
                "type": "git",
                "url": "https://github.com/bcit-ci/CodeIgniter.git",
                "reference": "bcb17eb8ba53a85de154439d0ab8ff1bed047bc9"
            },
            "dist": {
                "type": "zip",
                "url": "https://api.github.com/repos/bcit-ci/CodeIgniter/zipball/bcb17eb8ba53a85de154439d0ab8ff1bed047bc9",
                "reference": "bcb17eb8ba53a85de154439d0ab8ff1bed047bc9",
                "shasum": ""
            },
            "require": {
                "php": ">=5.3.7"
            },
            "require-dev": {
                "mikey179/vfsstream": "1.6.*",
                "phpunit/phpunit": "4.* || 5.* || 9.*"
            },
            "suggest": {
                "paragonie/random_compat": "Provides better randomness in PHP 5.x"
            },
            "type": "project",
            "notification-url": "https://packagist.org/downloads/",
            "license": [
                "MIT"
            ],
            "description": "The CodeIgniter framework",
            "homepage": "https://codeigniter.com",
            "support": {
                "forum": "http://forum.codeigniter.com/",
                "issues": "https://github.com/bcit-ci/CodeIgniter/issues",
                "slack": "https://codeigniterchat.slack.com",
                "source": "https://github.com/bcit-ci/CodeIgniter",
                "wiki": "https://github.com/bcit-ci/CodeIgniter/wiki"
            },
            "time": "2022-03-03T13:21:49+00:00"
        },
        {
            "name": "cweagans/composer-patches",
            "version": "1.7.3",
            "source": {
                "type": "git",
                "url": "https://github.com/cweagans/composer-patches.git",
                "reference": "e190d4466fe2b103a55467dfa83fc2fecfcaf2db"
            },
            "dist": {
                "type": "zip",
                "url": "https://api.github.com/repos/cweagans/composer-patches/zipball/e190d4466fe2b103a55467dfa83fc2fecfcaf2db",
                "reference": "e190d4466fe2b103a55467dfa83fc2fecfcaf2db",
                "shasum": ""
            },
            "require": {
                "composer-plugin-api": "^1.0 || ^2.0",
                "php": ">=5.3.0"
            },
            "require-dev": {
                "composer/composer": "~1.0 || ~2.0",
                "phpunit/phpunit": "~4.6"
            },
            "type": "composer-plugin",
            "extra": {
                "class": "cweagans\\Composer\\Patches"
            },
            "autoload": {
                "psr-4": {
                    "cweagans\\Composer\\": "src"
                }
            },
            "notification-url": "https://packagist.org/downloads/",
            "license": [
                "BSD-3-Clause"
            ],
            "authors": [
                {
                    "name": "Cameron Eagans",
                    "email": "me@cweagans.net"
                }
            ],
            "description": "Provides a way to patch Composer packages.",
            "support": {
                "issues": "https://github.com/cweagans/composer-patches/issues",
                "source": "https://github.com/cweagans/composer-patches/tree/1.7.3"
            },
            "time": "2022-12-20T22:53:13+00:00"
        },
        {
            "name": "datto/json-rpc",
            "version": "6.1.0",
            "source": {
                "type": "git",
                "url": "https://github.com/datto/php-json-rpc.git",
                "reference": "ad4d735f48d80c6b53f7405e5007d97c996533f6"
            },
            "dist": {
                "type": "zip",
                "url": "https://api.github.com/repos/datto/php-json-rpc/zipball/ad4d735f48d80c6b53f7405e5007d97c996533f6",
                "reference": "ad4d735f48d80c6b53f7405e5007d97c996533f6",
                "shasum": ""
            },
            "require": {
                "php": ">=7.0.0"
            },
            "require-dev": {
                "phpunit/phpunit": "^6.5"
            },
            "type": "library",
            "autoload": {
                "psr-4": {
                    "Datto\\JsonRpc\\": "src"
                }
            },
            "notification-url": "https://packagist.org/downloads/",
            "license": [
                "LGPL-3.0+"
            ],
            "authors": [
                {
                    "name": "Spencer Mortensen",
                    "email": "smortensen@datto.com",
                    "homepage": "http://spencermortensen.com",
                    "role": "Developer"
                }
            ],
            "description": "Fully unit-tested JSON-RPC 2.0 for PHP",
            "homepage": "http://datto.com",
            "keywords": [
                "json",
                "json-rpc",
                "jsonrpc",
                "php",
                "php-json-rpc",
                "rpc"
            ],
            "support": {
                "issues": "https://github.com/datto/php-json-rpc/issues",
                "source": "https://github.com/datto/php-json-rpc/tree/6.1.0"
            },
            "time": "2020-02-28T23:54:06+00:00"
        },
        {
            "name": "datto/json-rpc-http",
            "version": "5.0.6",
            "source": {
                "type": "git",
                "url": "https://github.com/datto/php-json-rpc-http.git",
                "reference": "db15a075f3562c4e8d297b9082acc5b2869bd4b4"
            },
            "dist": {
                "type": "zip",
                "url": "https://api.github.com/repos/datto/php-json-rpc-http/zipball/db15a075f3562c4e8d297b9082acc5b2869bd4b4",
                "reference": "db15a075f3562c4e8d297b9082acc5b2869bd4b4",
                "shasum": ""
            },
            "require": {
                "datto/json-rpc": "~6.1",
                "php": ">=7.0.0"
            },
            "type": "library",
            "autoload": {
                "psr-4": {
                    "Datto\\JsonRpc\\Http\\": "src",
                    "Datto\\JsonRpc\\Http\\Examples\\": "examples/src"
                }
            },
            "notification-url": "https://packagist.org/downloads/",
            "license": [
                "LGPL-3.0+"
            ],
            "authors": [
                {
                    "name": "Spencer Mortensen",
                    "email": "smortensen@datto.com",
                    "homepage": "http://spencermortensen.com",
                    "role": "Developer"
                }
            ],
            "description": "HTTP client and server for JSON-RPC 2.0",
            "homepage": "http://datto.com",
            "keywords": [
                "client",
                "http",
                "json",
                "json-rpc",
                "jsonrpc",
                "php",
                "php-json-rpc",
                "rpc",
                "server"
            ],
            "support": {
                "issues": "https://github.com/datto/php-json-rpc-http/issues",
                "source": "https://github.com/datto/php-json-rpc-http/tree/master"
            },
            "time": "2020-03-02T21:27:10+00:00"
        },
        {
            "name": "econea/nusoap",
            "version": "v0.9.20",
            "source": {
                "type": "git",
                "url": "https://github.com/contributte/nusoap.git",
                "reference": "802484f443cf16495eb085f04351076456077f99"
            },
            "dist": {
                "type": "zip",
                "url": "https://api.github.com/repos/contributte/nusoap/zipball/802484f443cf16495eb085f04351076456077f99",
                "reference": "802484f443cf16495eb085f04351076456077f99",
                "shasum": ""
            },
            "require": {
                "ext-curl": "*",
                "ext-json": "*",
                "ext-xml": "*",
                "ext-zlib": "*",
                "php": ">=5.4"
            },
            "require-dev": {
                "php-parallel-lint/php-parallel-lint": "~1.2.0"
            },
            "type": "library",
            "extra": {
                "branch-alias": {
                    "dev-master": "0.10.x-dev"
                }
            },
            "autoload": {
                "classmap": [
                    "src/"
                ]
            },
            "notification-url": "https://packagist.org/downloads/",
            "license": [
                "LGPL-2.1-or-later"
            ],
            "authors": [
                {
                    "name": "Milan Felix Šulc",
                    "homepage": "https://f3l1x.io"
                }
            ],
            "description": "Fixed NuSOAP for PHP 5.4 - 8.2",
            "homepage": "https://github.com/pwnlabs/nusoap",
            "keywords": [
                "client",
                "http",
                "nusoap",
                "php",
                "soap",
                "transport",
                "xml"
            ],
            "support": {
                "issues": "https://github.com/contributte/nusoap/issues",
                "source": "https://github.com/contributte/nusoap/tree/v0.9.20"
            },
            "funding": [
                {
                    "url": "https://contributte.org/partners.html",
                    "type": "custom"
                },
                {
                    "url": "https://github.com/f3l1x",
                    "type": "github"
                }
            ],
            "time": "2025-07-15T07:09:21+00:00"
        },
        {
            "name": "giggsey/libphonenumber-for-php",
            "version": "8.13.53",
            "source": {
                "type": "git",
                "url": "https://github.com/giggsey/libphonenumber-for-php.git",
                "reference": "b3362a3c04f87b02c6e712774d20f9e577c3918c"
            },
            "dist": {
                "type": "zip",
                "url": "https://api.github.com/repos/giggsey/libphonenumber-for-php/zipball/b3362a3c04f87b02c6e712774d20f9e577c3918c",
                "reference": "b3362a3c04f87b02c6e712774d20f9e577c3918c",
                "shasum": ""
            },
            "require": {
                "giggsey/locale": "^2.0",
                "php": "^7.4|^8.0",
                "symfony/polyfill-mbstring": "^1.17"
            },
            "replace": {
                "giggsey/libphonenumber-for-php-lite": "self.version"
            },
            "require-dev": {
                "friendsofphp/php-cs-fixer": "^3.64",
                "pear/pear-core-minimal": "^1.10",
                "pear/pear_exception": "^1.0",
                "pear/versioncontrol_git": "^0.7",
                "phing/phing": "^3.0",
                "php-coveralls/php-coveralls": "^2.0",
                "phpunit/phpunit": "^9.6",
                "symfony/console": "^v5.2",
                "symfony/var-exporter": "^5.2"
            },
            "type": "library",
            "extra": {
                "branch-alias": {
                    "dev-master": "8.x-dev"
                }
            },
            "autoload": {
                "psr-4": {
                    "libphonenumber\\": "src/"
                },
                "exclude-from-classmap": [
                    "/src/data/",
                    "/src/carrier/data/",
                    "/src/geocoding/data/",
                    "/src/timezone/data/"
                ]
            },
            "notification-url": "https://packagist.org/downloads/",
            "license": [
                "Apache-2.0"
            ],
            "authors": [
                {
                    "name": "Joshua Gigg",
                    "email": "giggsey@gmail.com",
                    "homepage": "https://giggsey.com/"
                }
            ],
            "description": "PHP Port of Google's libphonenumber",
            "homepage": "https://github.com/giggsey/libphonenumber-for-php",
            "keywords": [
                "geocoding",
                "geolocation",
                "libphonenumber",
                "mobile",
                "phonenumber",
                "validation"
            ],
            "support": {
                "issues": "https://github.com/giggsey/libphonenumber-for-php/issues",
                "source": "https://github.com/giggsey/libphonenumber-for-php"
            },
            "time": "2025-01-15T17:09:39+00:00"
        },
        {
            "name": "giggsey/locale",
            "version": "2.7.0",
            "source": {
                "type": "git",
                "url": "https://github.com/giggsey/Locale.git",
                "reference": "a5c65ea3c2630f27ccb78977990eefbee6dd8f97"
            },
            "dist": {
                "type": "zip",
                "url": "https://api.github.com/repos/giggsey/Locale/zipball/a5c65ea3c2630f27ccb78977990eefbee6dd8f97",
                "reference": "a5c65ea3c2630f27ccb78977990eefbee6dd8f97",
                "shasum": ""
            },
            "require": {
                "php": "^7.4|^8.0"
            },
            "require-dev": {
                "ext-json": "*",
                "friendsofphp/php-cs-fixer": "^3.64",
                "pear/pear-core-minimal": "^1.9",
                "pear/pear_exception": "^1.0",
                "pear/versioncontrol_git": "^0.5",
                "phing/phing": "^2.7",
                "php-coveralls/php-coveralls": "^2.0",
                "phpunit/phpunit": "^8.5|^9.5",
                "symfony/console": "^5.0|^6.0",
                "symfony/filesystem": "^5.0|^6.0",
                "symfony/finder": "^5.0|^6.0",
                "symfony/process": "^5.0|^6.0",
                "symfony/var-exporter": "^5.2|^6.0"
            },
            "type": "library",
            "autoload": {
                "psr-4": {
                    "Giggsey\\Locale\\": "src/"
                }
            },
            "notification-url": "https://packagist.org/downloads/",
            "license": [
                "MIT"
            ],
            "authors": [
                {
                    "name": "Joshua Gigg",
                    "email": "giggsey@gmail.com",
                    "homepage": "https://giggsey.com/"
                }
            ],
            "description": "Locale functions required by libphonenumber-for-php",
            "support": {
                "issues": "https://github.com/giggsey/Locale/issues",
                "source": "https://github.com/giggsey/Locale/tree/2.7.0"
            },
            "time": "2024-11-04T11:18:07+00:00"
        },
        {
            "name": "kissifrot/php-ixr",
            "version": "1.8.4",
            "source": {
                "type": "git",
                "url": "https://github.com/kissifrot/php-ixr.git",
                "reference": "45f6e4d46c1f9bb49e41a1787b6bdbcc9ab788e4"
            },
            "dist": {
                "type": "zip",
                "url": "https://api.github.com/repos/kissifrot/php-ixr/zipball/45f6e4d46c1f9bb49e41a1787b6bdbcc9ab788e4",
                "reference": "45f6e4d46c1f9bb49e41a1787b6bdbcc9ab788e4",
                "shasum": ""
            },
            "require": {
                "ext-xml": "*",
                "php": ">=5.4.0"
            },
            "require-dev": {
                "phpunit/phpunit": "^8.0"
            },
            "type": "library",
            "autoload": {
                "psr-4": {
                    "IXR\\": "src/",
                    "IXR\\tests\\": "tests/"
                }
            },
            "notification-url": "https://packagist.org/downloads/",
            "license": [
                "BSD-3-Clause"
            ],
            "authors": [
                {
                    "name": "Incutio Ltd 2010 - Simon Willison",
                    "homepage": "http://scripts.incutio.com/xmlrpc/"
                }
            ],
            "description": "Incutio XML-RPC library (IXR)",
            "homepage": "http://scripts.incutio.com/xmlrpc/",
            "keywords": [
                "remote procedure call",
                "rpc",
                "xlm-rpc",
                "xmlrpc"
            ],
            "support": {
                "issues": "https://github.com/kissifrot/php-ixr/issues",
                "source": "https://github.com/kissifrot/php-ixr/tree/1.8.4"
            },
            "time": "2023-04-15T08:50:43+00:00"
        },
        {
            "name": "league/csv",
            "version": "9.21.0",
            "source": {
                "type": "git",
                "url": "https://github.com/thephpleague/csv.git",
                "reference": "72196d11ebba22d868954cb39c0c7346207430cc"
            },
            "dist": {
                "type": "zip",
                "url": "https://api.github.com/repos/thephpleague/csv/zipball/72196d11ebba22d868954cb39c0c7346207430cc",
                "reference": "72196d11ebba22d868954cb39c0c7346207430cc",
                "shasum": ""
            },
            "require": {
                "ext-filter": "*",
                "php": "^8.1.2"
            },
            "require-dev": {
                "ext-dom": "*",
                "ext-xdebug": "*",
                "friendsofphp/php-cs-fixer": "^3.64.0",
                "phpbench/phpbench": "^1.3.1",
                "phpstan/phpstan": "^1.12.11",
                "phpstan/phpstan-deprecation-rules": "^1.2.1",
                "phpstan/phpstan-phpunit": "^1.4.1",
                "phpstan/phpstan-strict-rules": "^1.6.1",
                "phpunit/phpunit": "^10.5.16 || ^11.4.3",
                "symfony/var-dumper": "^6.4.8 || ^7.1.8"
            },
            "suggest": {
                "ext-dom": "Required to use the XMLConverter and the HTMLConverter classes",
                "ext-iconv": "Needed to ease transcoding CSV using iconv stream filters",
                "ext-mbstring": "Needed to ease transcoding CSV using mb stream filters"
            },
            "type": "library",
            "extra": {
                "branch-alias": {
                    "dev-master": "9.x-dev"
                }
            },
            "autoload": {
                "files": [
                    "src/functions_include.php"
                ],
                "psr-4": {
                    "League\\Csv\\": "src/"
                }
            },
            "notification-url": "https://packagist.org/downloads/",
            "license": [
                "MIT"
            ],
            "authors": [
                {
                    "name": "Ignace Nyamagana Butera",
                    "email": "nyamsprod@gmail.com",
                    "homepage": "https://github.com/nyamsprod/",
                    "role": "Developer"
                }
            ],
            "description": "CSV data manipulation made easy in PHP",
            "homepage": "https://csv.thephpleague.com",
            "keywords": [
                "convert",
                "csv",
                "export",
                "filter",
                "import",
                "read",
                "transform",
                "write"
            ],
            "support": {
                "docs": "https://csv.thephpleague.com",
                "issues": "https://github.com/thephpleague/csv/issues",
                "rss": "https://github.com/thephpleague/csv/releases.atom",
                "source": "https://github.com/thephpleague/csv"
            },
            "funding": [
                {
                    "url": "https://github.com/sponsors/nyamsprod",
                    "type": "github"
                }
            ],
            "time": "2025-01-08T19:27:58+00:00"
        },
        {
            "name": "paragonie/random_compat",
            "version": "v9.99.100",
            "source": {
                "type": "git",
                "url": "https://github.com/paragonie/random_compat.git",
                "reference": "996434e5492cb4c3edcb9168db6fbb1359ef965a"
            },
            "dist": {
                "type": "zip",
                "url": "https://api.github.com/repos/paragonie/random_compat/zipball/996434e5492cb4c3edcb9168db6fbb1359ef965a",
                "reference": "996434e5492cb4c3edcb9168db6fbb1359ef965a",
                "shasum": ""
            },
            "require": {
                "php": ">= 7"
            },
            "require-dev": {
                "phpunit/phpunit": "4.*|5.*",
                "vimeo/psalm": "^1"
            },
            "suggest": {
                "ext-libsodium": "Provides a modern crypto API that can be used to generate random bytes."
            },
            "type": "library",
            "notification-url": "https://packagist.org/downloads/",
            "license": [
                "MIT"
            ],
            "authors": [
                {
                    "name": "Paragon Initiative Enterprises",
                    "email": "security@paragonie.com",
                    "homepage": "https://paragonie.com"
                }
            ],
            "description": "PHP 5.x polyfill for random_bytes() and random_int() from PHP 7",
            "keywords": [
                "csprng",
                "polyfill",
                "pseudorandom",
                "random"
            ],
            "support": {
                "email": "info@paragonie.com",
                "issues": "https://github.com/paragonie/random_compat/issues",
                "source": "https://github.com/paragonie/random_compat"
            },
            "time": "2020-10-15T08:29:30+00:00"
        },
        {
            "name": "symfony/polyfill-mbstring",
            "version": "v1.31.0",
            "source": {
                "type": "git",
                "url": "https://github.com/symfony/polyfill-mbstring.git",
                "reference": "85181ba99b2345b0ef10ce42ecac37612d9fd341"
            },
            "dist": {
                "type": "zip",
                "url": "https://api.github.com/repos/symfony/polyfill-mbstring/zipball/85181ba99b2345b0ef10ce42ecac37612d9fd341",
                "reference": "85181ba99b2345b0ef10ce42ecac37612d9fd341",
                "shasum": ""
            },
            "require": {
                "php": ">=7.2"
            },
            "provide": {
                "ext-mbstring": "*"
            },
            "suggest": {
                "ext-mbstring": "For best performance"
            },
            "type": "library",
            "extra": {
                "thanks": {
                    "url": "https://github.com/symfony/polyfill",
                    "name": "symfony/polyfill"
                }
            },
            "autoload": {
                "files": [
                    "bootstrap.php"
                ],
                "psr-4": {
                    "Symfony\\Polyfill\\Mbstring\\": ""
                }
            },
            "notification-url": "https://packagist.org/downloads/",
            "license": [
                "MIT"
            ],
            "authors": [
                {
                    "name": "Nicolas Grekas",
                    "email": "p@tchwork.com"
                },
                {
                    "name": "Symfony Community",
                    "homepage": "https://symfony.com/contributors"
                }
            ],
            "description": "Symfony polyfill for the Mbstring extension",
            "homepage": "https://symfony.com",
            "keywords": [
                "compatibility",
                "mbstring",
                "polyfill",
                "portable",
                "shim"
            ],
            "support": {
                "source": "https://github.com/symfony/polyfill-mbstring/tree/v1.31.0"
            },
            "funding": [
                {
                    "url": "https://symfony.com/sponsor",
                    "type": "custom"
                },
                {
                    "url": "https://github.com/fabpot",
                    "type": "github"
                },
                {
                    "url": "https://tidelift.com/funding/github/packagist/symfony/symfony",
                    "type": "tidelift"
                }
            ],
            "time": "2024-09-09T11:45:10+00:00"
        }
    ],
    "packages-dev": [],
    "aliases": [],
    "minimum-stability": "stable",
    "stability-flags": [],
    "prefer-stable": false,
    "prefer-lowest": false,
    "platform": {
        "php": ">=5.6",
        "ext-ctype": "*",
        "ext-curl": "*",
        "ext-hash": "*",
        "ext-intl": "*",
        "ext-json": "*",
        "ext-mbstring": "*",
        "ext-session": "*"
    },
    "platform-dev": [],
    "plugin-api-version": "2.3.0"
}
